// !$*UTF8*$!
{
	archiveVersion = 1;
	classes = {
	};
	objectVersion = 50;
	objects = {

/* Begin PBXBuildFile section */
		D60DB664239A1E5E00F906F3 /* AppDelegate.swift in Sources */ = {isa = PBXBuildFile; fileRef = D60DB663239A1E5E00F906F3 /* AppDelegate.swift */; };
		D60DB666239A1E5E00F906F3 /* SceneDelegate.swift in Sources */ = {isa = PBXBuildFile; fileRef = D60DB665239A1E5E00F906F3 /* SceneDelegate.swift */; };
		D60DB668239A1E5E00F906F3 /* ViewController.swift in Sources */ = {isa = PBXBuildFile; fileRef = D60DB667239A1E5E00F906F3 /* ViewController.swift */; };
		D60DB66B239A1E5E00F906F3 /* Main.storyboard in Resources */ = {isa = PBXBuildFile; fileRef = D60DB669239A1E5E00F906F3 /* Main.storyboard */; };
		D60DB66D239A1E6100F906F3 /* Assets.xcassets in Resources */ = {isa = PBXBuildFile; fileRef = D60DB66C239A1E6100F906F3 /* Assets.xcassets */; };
		D60DB670239A1E6100F906F3 /* LaunchScreen.storyboard in Resources */ = {isa = PBXBuildFile; fileRef = D60DB66E239A1E6100F906F3 /* LaunchScreen.storyboard */; };
/* End PBXBuildFile section */

/* Begin PBXFileReference section */
		D60DB660239A1E5E00F906F3 /* VAKeychainDemo.app */ = {isa = PBXFileReference; explicitFileType = wrapper.application; includeInIndex = 0; path = VAKeychainDemo.app; sourceTree = BUILT_PRODUCTS_DIR; };
		D60DB663239A1E5E00F906F3 /* AppDelegate.swift */ = {isa = PBXFileReference; lastKnownFileType = sourcecode.swift; path = AppDelegate.swift; sourceTree = "<group>"; };
		D60DB665239A1E5E00F906F3 /* SceneDelegate.swift */ = {isa = PBXFileReference; lastKnownFileType = sourcecode.swift; path = SceneDelegate.swift; sourceTree = "<group>"; };
		D60DB667239A1E5E00F906F3 /* ViewController.swift */ = {isa = PBXFileReference; lastKnownFileType = sourcecode.swift; path = ViewController.swift; sourceTree = "<group>"; };
		D60DB66A239A1E5E00F906F3 /* Base */ = {isa = PBXFileReference; lastKnownFileType = file.storyboard; name = Base; path = Base.lproj/Main.storyboard; sourceTree = "<group>"; };
		D60DB66C239A1E6100F906F3 /* Assets.xcassets */ = {isa = PBXFileReference; lastKnownFileType = folder.assetcatalog; path = Assets.xcassets; sourceTree = "<group>"; };
		D60DB66F239A1E6100F906F3 /* Base */ = {isa = PBXFileReference; lastKnownFileType = file.storyboard; name = Base; path = Base.lproj/LaunchScreen.storyboard; sourceTree = "<group>"; };
		D60DB671239A1E6100F906F3 /* Info.plist */ = {isa = PBXFileReference; lastKnownFileType = text.plist.xml; path = Info.plist; sourceTree = "<group>"; };
/* End PBXFileReference section */

/* Begin PBXFrameworksBuildPhase section */
		D60DB65D239A1E5E00F906F3 /* Frameworks */ = {
			isa = PBXFrameworksBuildPhase;
			buildActionMask = 2147483647;
			files = (
			);
			runOnlyForDeploymentPostprocessing = 0;
		};
/* End PBXFrameworksBuildPhase section */

/* Begin PBXGroup section */
		D60DB657239A1E5E00F906F3 = {
			isa = PBXGroup;
			children = (
				D60DB662239A1E5E00F906F3 /* VAKeychainDemo */,
				D60DB661239A1E5E00F906F3 /* Products */,
			);
			sourceTree = "<group>";
		};
		D60DB661239A1E5E00F906F3 /* Products */ = {
			isa = PBXGroup;
			children = (
				D60DB660239A1E5E00F906F3 /* VAKeychainDemo.app */,
			);
			name = Products;
			sourceTree = "<group>";
		};
		D60DB662239A1E5E00F906F3 /* VAKeychainDemo */ = {
			isa = PBXGroup;
			children = (
				D60DB663239A1E5E00F906F3 /* AppDelegate.swift */,
				D60DB665239A1E5E00F906F3 /* SceneDelegate.swift */,
				D60DB667239A1E5E00F906F3 /* ViewController.swift */,
				D60DB669239A1E5E00F906F3 /* Main.storyboard */,
				D60DB66C239A1E6100F906F3 /* Assets.xcassets */,
				D60DB66E239A1E6100F906F3 /* LaunchScreen.storyboard */,
				D60DB671239A1E6100F906F3 /* Info.plist */,
			);
			path = VAKeychainDemo;
			sourceTree = "<group>";
		};
/* End PBXGroup section */

/* Begin PBXNativeTarget section */
		D60DB65F239A1E5E00F906F3 /* VAKeychainDemo */ = {
			isa = PBXNativeTarget;
			buildConfigurationList = D60DB674239A1E6100F906F3 /* Build configuration list for PBXNativeTarget "VAKeychainDemo" */;
			buildPhases = (
				D60DB65C239A1E5E00F906F3 /* Sources */,
				D60DB65D239A1E5E00F906F3 /* Frameworks */,
				D60DB65E239A1E5E00F906F3 /* Resources */,
			);
			buildRules = (
			);
			dependencies = (
			);
			name = VAKeychainDemo;
			productName = VAKeychainDemo;
			productReference = D60DB660239A1E5E00F906F3 /* VAKeychainDemo.app */;
			productType = "com.apple.product-type.application";
		};
/* End PBXNativeTarget section */

/* Begin PBXProject section */
		D60DB658239A1E5E00F906F3 /* Project object */ = {
			isa = PBXProject;
			attributes = {
				LastSwiftUpdateCheck = 1130;
				LastUpgradeCheck = 1130;
				ORGANIZATIONNAME = "Vikash Anand";
				TargetAttributes = {
					D60DB65F239A1E5E00F906F3 = {
						CreatedOnToolsVersion = 11.3;
					};
				};
			};
			buildConfigurationList = D60DB65B239A1E5E00F906F3 /* Build configuration list for PBXProject "VAKeychainDemo" */;
			compatibilityVersion = "Xcode 9.3";
			developmentRegion = en;
			hasScannedForEncodings = 0;
			knownRegions = (
				en,
				Base,
			);
			mainGroup = D60DB657239A1E5E00F906F3;
			productRefGroup = D60DB661239A1E5E00F906F3 /* Products */;
			projectDirPath = "";
			projectRoot = "";
			targets = (
				D60DB65F239A1E5E00F906F3 /* VAKeychainDemo */,
			);
		};
/* End PBXProject section */

/* Begin PBXResourcesBuildPhase section */
		D60DB65E239A1E5E00F906F3 /* Resources */ = {
			isa = PBXResourcesBuildPhase;
			buildActionMask = 2147483647;
			files = (
				D60DB670239A1E6100F906F3 /* LaunchScreen.storyboard in Resources */,
				D60DB66D239A1E6100F906F3 /* Assets.xcassets in Resources */,
				D60DB66B239A1E5E00F906F3 /* Main.storyboard in Resources */,
			);
			runOnlyForDeploymentPostprocessing = 0;
		};
/* End PBXResourcesBuildPhase section */

/* Begin PBXSourcesBuildPhase section */
		D60DB65C239A1E5E00F906F3 /* Sources */ = {
			isa = PBXSourcesBuildPhase;
			buildActionMask = 2147483647;
			files = (
				D60DB668239A1E5E00F906F3 /* ViewController.swift in Sources */,
				D60DB664239A1E5E00F906F3 /* AppDelegate.swift in Sources */,
				D60DB666239A1E5E00F906F3 /* SceneDelegate.swift in Sources */,
			);
			runOnlyForDeploymentPostprocessing = 0;
		};
/* End PBXSourcesBuildPhase section */

/* Begin PBXVariantGroup section */
		D60DB669239A1E5E00F906F3 /* Main.storyboard */ = {
			isa = PBXVariantGroup;
			children = (
				D60DB66A239A1E5E00F906F3 /* Base */,
			);
			name = Main.storyboard;
			sourceTree = "<group>";
		};
		D60DB66E239A1E6100F906F3 /* LaunchScreen.storyboard */ = {
			isa = PBXVariantGroup;
			children = (
				D60DB66F239A1E6100F906F3 /* Base */,
			);
			name = LaunchScreen.storyboard;
			sourceTree = "<group>";
		};
/* End PBXVariantGroup section */

/* Begin XCBuildConfiguration section */
		D60DB672239A1E6100F906F3 /* Debug */ = {
			isa = XCBuildConfiguration;
			buildSettings = {
				ALWAYS_SEARCH_USER_PATHS = NO;
				CLANG_ANALYZER_NONNULL = YES;
				CLANG_ANALYZER_NUMBER_OBJECT_CONVERSION = YES_AGGRESSIVE;
				CLANG_CXX_LANGUAGE_STANDARD = "gnu++14";
				CLANG_CXX_LIBRARY = "libc++";
				CLANG_ENABLE_MODULES = YES;
				CLANG_ENABLE_OBJC_ARC = YES;
				CLANG_ENABLE_OBJC_WEAK = YES;
				CLANG_WARN_BLOCK_CAPTURE_AUTORELEASING = YES;
				CLANG_WARN_BOOL_CONVERSION = YES;
				CLANG_WARN_COMMA = YES;
				CLANG_WARN_CONSTANT_CONVERSION = YES;
				CLANG_WARN_DEPRECATED_OBJC_IMPLEMENTATIONS = YES;
				CLANG_WARN_DIRECT_OBJC_ISA_USAGE = YES_ERROR;
				CLANG_WARN_DOCUMENTATION_COMMENTS = YES;
				CLANG_WARN_EMPTY_BODY = YES;
				CLANG_WARN_ENUM_CONVERSION = YES;
				CLANG_WARN_INFINITE_RECURSION = YES;
				CLANG_WARN_INT_CONVERSION = YES;
				CLANG_WARN_NON_LITERAL_NULL_CONVERSION = YES;
				CLANG_WARN_OBJC_IMPLICIT_RETAIN_SELF = YES;
				CLANG_WARN_OBJC_LITERAL_CONVERSION = YES;
				CLANG_WARN_OBJC_ROOT_CLASS = YES_ERROR;
				CLANG_WARN_RANGE_LOOP_ANALYSIS = YES;
				CLANG_WARN_STRICT_PROTOTYPES = YES;
				CLANG_WARN_SUSPICIOUS_MOVE = YES;
				CLANG_WARN_UNGUARDED_AVAILABILITY = YES_AGGRESSIVE;
				CLANG_WARN_UNREACHABLE_CODE = YES;
				CLANG_WARN__DUPLICATE_METHOD_MATCH = YES;
				COPY_PHASE_STRIP = NO;
				DEBUG_INFORMATION_FORMAT = dwarf;
				ENABLE_STRICT_OBJC_MSGSEND = YES;
				ENABLE_TESTABILITY = YES;
				GCC_C_LANGUAGE_STANDARD = gnu11;
				GCC_DYNAMIC_NO_PIC = NO;
				GCC_NO_COMMON_BLOCKS = YES;
				GCC_OPTIMIZATION_LEVEL = 0;
				GCC_PREPROCESSOR_DEFINITIONS = (
					"DEBUG=1",
					"$(inherited)",
				);
				GCC_WARN_64_TO_32_BIT_CONVERSION = YES;
				GCC_WARN_ABOUT_RETURN_TYPE = YES_ERROR;
				GCC_WARN_UNDECLARED_SELECTOR = YES;
				GCC_WARN_UNINITIALIZED_AUTOS = YES_AGGRESSIVE;
				GCC_WARN_UNUSED_FUNCTION = YES;
				GCC_WARN_UNUSED_VARIABLE = YES;
				IPHONEOS_DEPLOYMENT_TARGET = 13.2;
				MTL_ENABLE_DEBUG_INFO = INCLUDE_SOURCE;
				MTL_FAST_MATH = YES;
				ONLY_ACTIVE_ARCH = YES;
				SDKROOT = iphoneos;
				SWIFT_ACTIVE_COMPILATION_CONDITIONS = DEBUG;
				SWIFT_OPTIMIZATION_LEVEL = "-Onone";
			};
			name = Debug;
		};
		D60DB673239A1E6100F906F3 /* Release */ = {
			isa = XCBuildConfiguration;
			buildSettings = {
				ALWAYS_SEARCH_USER_PATHS = NO;
				CLANG_ANALYZER_NONNULL = YES;
				CLANG_ANALYZER_NUMBER_OBJECT_CONVERSION = YES_AGGRESSIVE;
				CLANG_CXX_LANGUAGE_STANDARD = "gnu++14";
				CLANG_CXX_LIBRARY = "libc++";
				CLANG_ENABLE_MODULES = YES;
				CLANG_ENABLE_OBJC_ARC = YES;
				CLANG_ENABLE_OBJC_WEAK = YES;
				CLANG_WARN_BLOCK_CAPTURE_AUTORELEASING = YES;
				CLANG_WARN_BOOL_CONVERSION = YES;
				CLANG_WARN_COMMA = YES;
				CLANG_WARN_CONSTANT_CONVERSION = YES;
				CLANG_WARN_DEPRECATED_OBJC_IMPLEMENTATIONS = YES;
				CLANG_WARN_DIRECT_OBJC_ISA_USAGE = YES_ERROR;
				CLANG_WARN_DOCUMENTATION_COMMENTS = YES;
				CLANG_WARN_EMPTY_BODY = YES;
				CLANG_WARN_ENUM_CONVERSION = YES;
				CLANG_WARN_INFINITE_RECURSION = YES;
				CLANG_WARN_INT_CONVERSION = YES;
				CLANG_WARN_NON_LITERAL_NULL_CONVERSION = YES;
				CLANG_WARN_OBJC_IMPLICIT_RETAIN_SELF = YES;
				CLANG_WARN_OBJC_LITERAL_CONVERSION = YES;
				CLANG_WARN_OBJC_ROOT_CLASS = YES_ERROR;
				CLANG_WARN_RANGE_LOOP_ANALYSIS = YES;
				CLANG_WARN_STRICT_PROTOTYPES = YES;
				CLANG_WARN_SUSPICIOUS_MOVE = YES;
				CLANG_WARN_UNGUARDED_AVAILABILITY = YES_AGGRESSIVE;
				CLANG_WARN_UNREACHABLE_CODE = YES;
				CLANG_WARN__DUPLICATE_METHOD_MATCH = YES;
				COPY_PHASE_STRIP = NO;
				DEBUG_INFORMATION_FORMAT = "dwarf-with-dsym";
				ENABLE_NS_ASSERTIONS = NO;
				ENABLE_STRICT_OBJC_MSGSEND = YES;
				GCC_C_LANGUAGE_STANDARD = gnu11;
				GCC_NO_COMMON_BLOCKS = YES;
				GCC_WARN_64_TO_32_BIT_CONVERSION = YES;
				GCC_WARN_ABOUT_RETURN_TYPE = YES_ERROR;
				GCC_WARN_UNDECLARED_SELECTOR = YES;
				GCC_WARN_UNINITIALIZED_AUTOS = YES_AGGRESSIVE;
				GCC_WARN_UNUSED_FUNCTION = YES;
				GCC_WARN_UNUSED_VARIABLE = YES;
				IPHONEOS_DEPLOYMENT_TARGET = 13.2;
				MTL_ENABLE_DEBUG_INFO = NO;
				MTL_FAST_MATH = YES;
				SDKROOT = iphoneos;
				SWIFT_COMPILATION_MODE = wholemodule;
				SWIFT_OPTIMIZATION_LEVEL = "-O";
				VALIDATE_PRODUCT = YES;
			};
			name = Release;
		};
		D60DB675239A1E6100F906F3 /* Debug */ = {
			isa = XCBuildConfiguration;
			buildSettings = {
				ASSETCATALOG_COMPILER_APPICON_NAME = AppIcon;
				CODE_SIGN_STYLE = Automatic;
				DEVELOPMENT_TEAM = B6LN4XWA2V;
				INFOPLIST_FILE = VAKeychainDemo/Info.plist;
				LD_RUNPATH_SEARCH_PATHS = (
					"$(inherited)",
					"@executable_path/Frameworks",
				);
				PRODUCT_BUNDLE_IDENTIFIER = com.va..VAKeychainDemo;
				PRODUCT_NAME = "$(TARGET_NAME)";
				SWIFT_VERSION = 5.0;
				TARGETED_DEVICE_FAMILY = "1,2";
			};
			name = Debug;
		};
		D60DB676239A1E6100F906F3 /* Release */ = {
			isa = XCBuildConfiguration;
			buildSettings = {
				ASSETCATALOG_COMPILER_APPICON_NAME = AppIcon;
				CODE_SIGN_STYLE = Automatic;
				DEVELOPMENT_TEAM = B6LN4XWA2V;
				INFOPLIST_FILE = VAKeychainDemo/Info.plist;
				LD_RUNPATH_SEARCH_PATHS = (
					"$(inherited)",
					"@executable_path/Frameworks",
				);
				PRODUCT_BUNDLE_IDENTIFIER = com.va..VAKeychainDemo;
				PRODUCT_NAME = "$(TARGET_NAME)";
				SWIFT_VERSION = 5.0;
				TARGETED_DEVICE_FAMILY = "1,2";
			};
			name = Release;
		};
/* End XCBuildConfiguration section */

/* Begin XCConfigurationList section */
		D60DB65B239A1E5E00F906F3 /* Build configuration list for PBXProject "VAKeychainDemo" */ = {
			isa = XCConfigurationList;
			buildConfigurations = (
				D60DB672239A1E6100F906F3 /* Debug */,
				D60DB673239A1E6100F906F3 /* Release */,
			);
			defaultConfigurationIsVisible = 0;
			defaultConfigurationName = Release;
		};
		D60DB674239A1E6100F906F3 /* Build configuration list for PBXNativeTarget "VAKeychainDemo" */ = {
			isa = XCConfigurationList;
			buildConfigurations = (
				D60DB675239A1E6100F906F3 /* Debug */,
				D60DB676239A1E6100F906F3 /* Release */,
			);
			defaultConfigurationIsVisible = 0;
			defaultConfigurationName = Release;
		};
/* End XCConfigurationList section */
	};
	rootObject = D60DB658239A1E5E00F906F3 /* Project object */;
}
